
Microsoft Visual Studio Solution File, Format Version 12.00
# Visual Studio Version 17
VisualStudioVersion = 17.3.32811.315
MinimumVisualStudioVersion = 10.0.40219.1
Project("{FAE04EC0-301F-11D3-BF4B-00C04F79EFBC}") = "HandOfTheConsoler", "HandOfTheConsoler.csproj", "{4FA1FB05-CABD-4CF7-B625-A722266185B9}"
EndProject
Global
	GlobalSection(SolutionConfigurationPlatforms) = preSolution
		Debug|Any CPU = Debug|Any CPU
		Release|Any CPU = Release|Any CPU
	EndGlobalSection
	GlobalSection(ProjectConfigurationPlatforms) = postSolution
		{4FA1FB05-CABD-4CF7-B625-A722266185B9}.Debug|Any CPU.ActiveCfg = Debug|Any CPU
		{4FA1FB05-CABD-4CF7-B625-A722266185B9}.Debug|Any CPU.Build.0 = Debug|Any CPU
		{4FA1FB05-CABD-4CF7-B625-A722266185B9}.Release|Any CPU.ActiveCfg = Release|Any CPU
		{4FA1FB05-CABD-4CF7-B625-A722266185B9}.Release|Any CPU.Build.0 = Release|Any CPU
	EndGlobalSection
	GlobalSection(SolutionProperties) = preSolution
		HideSolutionNode = FALSE
	EndGlobalSection
	GlobalSection(ExtensibilityGlobals) = postSolution
		SolutionGuid = {29222A89-25D8-4FC0-8819-49CA4C3097E6}
	EndGlobalSection
EndGlobal
